{
    "_meta": {
        "hash": {
            "sha256": "602c7bcb5e3ac49d390ffbe4a681c4dba7761d35df7cf1b423a414d4fa8d51e1"
        },
        "pipfile-spec": 6,
        "requires": {
            "python_version": "3.6"
        },
        "sources": [
            {
                "name": "pypi",
                "url": "https://pypi.org/simple",
                "verify_ssl": true
            }
        ]
    },
    "default": {
        "django": {
            "hashes": [
                "sha256:84f370f6acedbe1f3c41e1a02de44ac206efda3355e427139ecb785b5f596d80",
                "sha256:e8fe3c2b2212dce6126becab7a693157f1a441a07b62ec994c046c76af5bb66d"
            ],
            "index": "pypi",
            "version": "==2.2.13"
        },
        "django-cors-headers": {
            "hashes": [
                "sha256:5240062ef0b16668ce8a5f43324c388d65f5439e1a30e22c38684d5ddaff0d15",
                "sha256:f5218f2f0bb1210563ff87687afbf10786e080d8494a248e705507ebd92d7153"
            ],
            "index": "pypi",
            "version": "==3.4.0"
        },
        "django-filter": {
            "hashes": [
                "sha256:11e63dd759835d9ba7a763926ffb2662cf8a6dcb4c7971a95064de34dbc7e5af",
                "sha256:616848eab6fc50193a1b3730140c49b60c57a3eda1f7fc57fa8505ac156c6c75"
            ],
            "index": "pypi",
            "version": "==2.3.0"
        },
        "django-mssql-backend": {
            "hashes": [
                "sha256:a34145e537387c6251290bc1016199bf0a01ae91ce25e311091f94ba2a1399ff",
                "sha256:bfaae4ef328be470a73b9ca4e6e496e7bca016a613eab4f1960a8231baeae130"
            ],
            "index": "pypi",
            "version": "==2.8.1"
        },
        "djangorestframework": {
            "hashes": [
                "sha256:5cc724dc4b076463497837269107e1995b1fbc917468d1b92d188fd1af9ea789",
                "sha256:a5967b68a04e0d97d10f4df228e30f5a2d82ba63b9d03e1759f84993b7bf1b53"
            ],
            "index": "pypi",
            "version": "==3.11.2"
        },
        "pyodbc": {
            "hashes": [
                "sha256:1b8ed92bd50c6d83dec88153880405434bc261bb013ca02809827bb3ffbb319a",
                "sha256:2f0079951016729b51babebd6aa8112ecef53e11eea3116036c4ec7105f41514",
                "sha256:3a8212be2e49ff29d71d40a9c1af2cdaa71dcc7246cf80a0f9c7254de47ea4a9",
                "sha256:3bf7fd4d7a42fa4f0a50cf2418d49cd3c8fa05b8a1972534f0ebfadd92c7ce52",
                "sha256:52a42be6561932d74bbcc5b0f54dcdcf2eceae3b03192fc0db64a5020bbca057",
                "sha256:7113daddcf346ff095904c568d1e1019f567da74058b4e69099e23bc98211691",
                "sha256:852b5deeeb3366af8b4408efed993501708be45d221881bce60c9aac54be726a",
                "sha256:8fa4147bf3bff1b66a9b1a0063094ca1686b9319383e711e7c193c2b4728b572",
                "sha256:a1af49a2f4f0abbafdc018d510e31561d3f9472725dc1d49cce3bd2e10e9ec18",
                "sha256:b149b0c2d11833bbd5355a8fe5a8b41fba5518dacdc613a0218fd77c2969a4f5",
                "sha256:bce7e41c7cfc06ec976245f361221dfdd0f04e804010cf255cbb36985f6c3406",
                "sha256:d3ad340e0053b6ec4130957efbcecce6de48d68e7e78792ea7588e27ffa629f1",
                "sha256:d4ffeab51dcc03c4c1a9a200f70999ce9b827c91defc4f5740633a6d47d3a206",
                "sha256:d9d1469786519c3b545168b45db7c3ece3b493c89d51bb5732d38a2eac6d0863",
                "sha256:eb9e7a4a5126f2695f307b2a6b0b94cbfccfe7481be2c0d33f5456515328f1cc"
            ],
            "version": "==4.0.30"
        },
        "python-decouple": {
            "hashes": [
                "sha256:55c546b85b0c47a15a47a4312d451a437f7344a9be3e001660bccd93b637de95"
            ],
            "index": "pypi",
            "version": "==3.3"
        },
        "pytz": {
            "hashes": [
                "sha256:83a4a90894bf38e243cf052c8b58f381bfe9a7a483f6a9cab140bc7f702ac4da",
                "sha256:eb10ce3e7736052ed3623d49975ce333bcd712c7bb19a58b9e2089d4057d0798"
            ],
            "version": "==2021.1"
        },
        "sqlparse": {
            "hashes": [
                "sha256:017cde379adbd6a1f15a61873f43e8274179378e95ef3fede90b5aa64d304ed0",
                "sha256:0f91fd2e829c44362cbcfab3e9ae12e22badaa8a29ad5ff599f9ec109f0454e8"
            ],
            "version": "==0.4.1"
        }
    },
    "develop": {}
}
